
Microsoft Visual Studio Solution File, Format Version 12.00
# Visual Studio 15
VisualStudioVersion = 15.0.28010.2041
MinimumVisualStudioVersion = 10.0.40219.1
Project("{FAE04EC0-301F-11D3-BF4B-00C04F79EFBC}") = "PureActive.Logging", "src\PureActive.Logging\PureActive.Logging.csproj", "{6E820050-C1A6-4B69-A20C-09760CF87667}"
EndProject
Project("{2150E333-8FDC-42A3-9474-1A3956D46DE8}") = "src", "src", "{67D1DB8E-E642-45ED-B773-AA31D4094D80}"
EndProject
Project("{2150E333-8FDC-42A3-9474-1A3956D46DE8}") = "test", "test", "{139040C5-C1DA-443E-9904-A3288626E24C}"
EndProject
Project("{FAE04EC0-301F-11D3-BF4B-00C04F79EFBC}") = "PureActive.Logging.UnitTests", "test\PureActive.Logging.UnitTests\PureActive.Logging.UnitTests.csproj", "{26DCA77B-2894-47FC-9178-E9212786050D}"
EndProject
Global
	GlobalSection(SolutionConfigurationPlatforms) = preSolution
		Debug|Any CPU = Debug|Any CPU
		Release|Any CPU = Release|Any CPU
	EndGlobalSection
	GlobalSection(ProjectConfigurationPlatforms) = postSolution
		{6E820050-C1A6-4B69-A20C-09760CF87667}.Debug|Any CPU.ActiveCfg = Debug|Any CPU
		{6E820050-C1A6-4B69-A20C-09760CF87667}.Debug|Any CPU.Build.0 = Debug|Any CPU
		{6E820050-C1A6-4B69-A20C-09760CF87667}.Release|Any CPU.ActiveCfg = Release|Any CPU
		{6E820050-C1A6-4B69-A20C-09760CF87667}.Release|Any CPU.Build.0 = Release|Any CPU
		{26DCA77B-2894-47FC-9178-E9212786050D}.Debug|Any CPU.ActiveCfg = Debug|Any CPU
		{26DCA77B-2894-47FC-9178-E9212786050D}.Debug|Any CPU.Build.0 = Debug|Any CPU
		{26DCA77B-2894-47FC-9178-E9212786050D}.Release|Any CPU.ActiveCfg = Release|Any CPU
		{26DCA77B-2894-47FC-9178-E9212786050D}.Release|Any CPU.Build.0 = Release|Any CPU
	EndGlobalSection
	GlobalSection(SolutionProperties) = preSolution
		HideSolutionNode = FALSE
	EndGlobalSection
	GlobalSection(NestedProjects) = preSolution
		{6E820050-C1A6-4B69-A20C-09760CF87667} = {67D1DB8E-E642-45ED-B773-AA31D4094D80}
		{26DCA77B-2894-47FC-9178-E9212786050D} = {139040C5-C1DA-443E-9904-A3288626E24C}
	EndGlobalSection
	GlobalSection(ExtensibilityGlobals) = postSolution
		SolutionGuid = {3BB9CD1D-F443-4CAE-96A1-CA24FBF0D348}
	EndGlobalSection
EndGlobal
