
Microsoft Visual Studio Solution File, Format Version 12.00
# Visual Studio 15
VisualStudioVersion = 15.0.28010.2041
MinimumVisualStudioVersion = 10.0.40219.1
Project("{9A19103F-16F7-4668-BE54-9A1E7A4F7556}") = "PureActive.Logging.Extensions", "src\PureActive.Logging.Extensions\PureActive.Logging.Extensions.csproj", "{6E820050-C1A6-4B69-A20C-09760CF87667}"
EndProject
Project("{2150E333-8FDC-42A3-9474-1A3956D46DE8}") = "src", "src", "{67D1DB8E-E642-45ED-B773-AA31D4094D80}"
EndProject
Project("{2150E333-8FDC-42A3-9474-1A3956D46DE8}") = "test", "test", "{139040C5-C1DA-443E-9904-A3288626E24C}"
EndProject
Project("{9A19103F-16F7-4668-BE54-9A1E7A4F7556}") = "PureActive.Logging.UnitTests", "test\PureActive.Logging.UnitTests\PureActive.Logging.UnitTests.csproj", "{26DCA77B-2894-47FC-9178-E9212786050D}"
EndProject
Project("{2150E333-8FDC-42A3-9474-1A3956D46DE8}") = "Version", "Version", "{E046C9F7-789E-42C9-8851-F541ECA02D17}"
	ProjectSection(SolutionItems) = preProject
		version.json = version.json
	EndProjectSection
EndProject
Project("{2150E333-8FDC-42A3-9474-1A3956D46DE8}") = "Solution Items", "Solution Items", "{52D2A744-9DBF-4698-9B9F-ABA688A54BAC}"
	ProjectSection(SolutionItems) = preProject
		Directory.Build.props = Directory.Build.props
	EndProjectSection
EndProject
Project("{9A19103F-16F7-4668-BE54-9A1E7A4F7556}") = "PureActive.Logging.Abstractions", "src\PureActive.Logging.Abstractions\PureActive.Logging.Abstractions.csproj", "{53C1A513-0C3A-4A4E-998A-7EB372DCD81B}"
EndProject
Project("{9A19103F-16F7-4668-BE54-9A1E7A4F7556}") = "PureActive.Core", "src\PureActive.Core\PureActive.Core.csproj", "{22D9731F-DFAC-4E94-9CEF-E1C337B0CA53}"
EndProject
Project("{9A19103F-16F7-4668-BE54-9A1E7A4F7556}") = "PureActive.Core.UnitTests", "test\PureActive.Core.UnitTests\PureActive.Core.UnitTests.csproj", "{C387DC13-8D36-4196-8153-27EEF0BCF1CA}"
EndProject
Project("{9A19103F-16F7-4668-BE54-9A1E7A4F7556}") = "PureActive.Core.Abstractions", "src\PureActive.Core.Abstractions\PureActive.Core.Abstractions.csproj", "{6D9EE2E7-E111-4FF2-BBB3-79D0D18DE00B}"
EndProject
Project("{9A19103F-16F7-4668-BE54-9A1E7A4F7556}") = "PureActive.Samples.ConsoleApp", "samples\PureActive.Samples.ConsoleApp\PureActive.Samples.ConsoleApp.csproj", "{25753F19-D6B2-42FC-9D15-89E1ABE961F7}"
EndProject
Project("{2150E333-8FDC-42A3-9474-1A3956D46DE8}") = "samples", "samples", "{ED55F7E9-6829-4495-B948-785E507D8AC6}"
EndProject
Project("{9A19103F-16F7-4668-BE54-9A1E7A4F7556}") = "PureActive.Logger.Provider.Serilog", "src\PureActive.Logger.Provider.Serilog\PureActive.Logger.Provider.Serilog.csproj", "{F4C231EB-13CF-4AA0-A5F6-26CCC9F81568}"
EndProject
Project("{9A19103F-16F7-4668-BE54-9A1E7A4F7556}") = "PureActive.Logger.Provider.Serilog.UnitTests", "test\PureActive.Logger.Provider.Serilog.UnitTests\PureActive.Logger.Provider.Serilog.UnitTests.csproj", "{8636D996-9D1E-4D9C-9932-F05FC3513F10}"
EndProject
Project("{9A19103F-16F7-4668-BE54-9A1E7A4F7556}") = "PureActive.Serilog.Sink.Xunit.UnitTests", "test\PureActive.Serilog.Sink.Xunit.UnitTests\PureActive.Serilog.Sink.Xunit.UnitTests.csproj", "{E5717D08-7A01-4C4F-B4DF-8553703C5FDA}"
EndProject
Project("{9A19103F-16F7-4668-BE54-9A1E7A4F7556}") = "PureActive.Logger.Provider.ApplicationInsights", "src\PureActive.Logger.Provider.ApplicationInsights\PureActive.Logger.Provider.ApplicationInsights.csproj", "{BB8DB1A7-AB86-4F65-AC95-29546B0A0416}"
EndProject
Project("{9A19103F-16F7-4668-BE54-9A1E7A4F7556}") = "PureActive.Logger.Provider.ApplicationInsights.UnitTests", "test\PureActive.Logger.Provider.ApplicationInsights.UnitTests\PureActive.Logger.Provider.ApplicationInsights.UnitTests.csproj", "{E31BB884-D272-44CD-984C-253786927B68}"
EndProject
Project("{9A19103F-16F7-4668-BE54-9A1E7A4F7556}") = "PureActive.Serilog.Sink.Xunit", "src\PureActive.Serilog.Sink.Xunit\PureActive.Serilog.Sink.Xunit.csproj", "{D0F2ED72-F3B5-4FBA-BC19-F906EB009DB9}"
EndProject
Project("{9A19103F-16F7-4668-BE54-9A1E7A4F7556}") = "PureActive.Archive", "src\PureActive.Archive\PureActive.Archive.csproj", "{0CA3B18B-972B-4328-8B7F-2218F556D827}"
EndProject
Project("{9A19103F-16F7-4668-BE54-9A1E7A4F7556}") = "PureActive.Archive.Abstractions", "src\PureActive.Archive.Abstractions\PureActive.Archive.Abstractions.csproj", "{6D560731-C7E0-443E-951C-60D50DD50AFE}"
EndProject
Project("{9A19103F-16F7-4668-BE54-9A1E7A4F7556}") = "PureActive.Archive.UnitTests", "test\PureActive.Archive.UnitTests\PureActive.Archive.UnitTests.csproj", "{2946210A-56DD-4D6D-A541-7ABDC71F0C90}"
EndProject
Project("{9A19103F-16F7-4668-BE54-9A1E7A4F7556}") = "PureActive.Hosting", "src\PureActive.Hosting\PureActive.Hosting.csproj", "{D147644E-C736-42F8-AA9D-02931D5D510B}"
EndProject
Project("{9A19103F-16F7-4668-BE54-9A1E7A4F7556}") = "PureActive.Hosting.Abstractions", "src\PureActive.Hosting.Abstractions\PureActive.Hosting.Abstractions.csproj", "{3F90F386-E454-46B7-B242-04CCAB6B1C2F}"
EndProject
Project("{9A19103F-16F7-4668-BE54-9A1E7A4F7556}") = "PureActive.Hosting.UnitTests", "test\PureActive.Hosting.UnitTests\PureActive.Hosting.UnitTests.csproj", "{83EC058F-8AB3-429A-8FE1-FF19DCC9FF8F}"
EndProject
Project("{9A19103F-16F7-4668-BE54-9A1E7A4F7556}") = "PureActive.Email.Office365", "src\PureActive.Email.Office365\PureActive.Email.Office365.csproj", "{F8735EFD-A33D-4688-9FA1-05E0CB59567B}"
	ProjectSection(ProjectDependencies) = postProject
		{22D9731F-DFAC-4E94-9CEF-E1C337B0CA53} = {22D9731F-DFAC-4E94-9CEF-E1C337B0CA53}
		{6D9EE2E7-E111-4FF2-BBB3-79D0D18DE00B} = {6D9EE2E7-E111-4FF2-BBB3-79D0D18DE00B}
	EndProjectSection
EndProject
Project("{9A19103F-16F7-4668-BE54-9A1E7A4F7556}") = "PureActive.Network.UnitTests", "test\PureActive.Network.UnitTests\PureActive.Network.UnitTests.csproj", "{34124DEE-8FA1-48E5-98F6-EE8CB3328479}"
EndProject
Project("{9A19103F-16F7-4668-BE54-9A1E7A4F7556}") = "PureActive.Network.Extensions", "src\PureActive.Network.Extensions\PureActive.Network.Extensions.csproj", "{83B950B7-8D81-4B3C-B1A5-2187D2375B0F}"
EndProject
Project("{9A19103F-16F7-4668-BE54-9A1E7A4F7556}") = "PureActive.Network.Abstractions", "src\PureActive.Network.Abstractions\PureActive.Network.Abstractions.csproj", "{146212BF-1EEC-4B66-ABDC-B257393F90D2}"
EndProject
Project("{9A19103F-16F7-4668-BE54-9A1E7A4F7556}") = "PureActive.Network.Services", "src\PureActive.Network.Services\PureActive.Network.Services.csproj", "{B315442C-26CC-40BB-97CA-E89B15EDCD6E}"
EndProject
Project("{9A19103F-16F7-4668-BE54-9A1E7A4F7556}") = "PureActive.Network.Devices", "src\PureActive.Network.Devices\PureActive.Network.Devices.csproj", "{0048054E-A435-4FEC-AB1F-CF6AA2AD7B0A}"
EndProject
Project("{9A19103F-16F7-4668-BE54-9A1E7A4F7556}") = "PureActive.Network.Devices.UnitTests", "test\PureActive.Network.Devices.UnitTests\PureActive.Network.Devices.UnitTests.csproj", "{6F4349D0-3FA0-4053-A326-630926CC02FE}"
EndProject
Project("{9A19103F-16F7-4668-BE54-9A1E7A4F7556}") = "PureActive.Network.Services.UnitTests", "test\PureActive.Network.Services.UnitTests\PureActive.Network.Services.UnitTests.csproj", "{E7270101-53D0-4E1B-AF81-42D1DE800EFD}"
EndProject
Project("{2150E333-8FDC-42A3-9474-1A3956D46DE8}") = "docs", "docs", "{A1FFB685-D4FB-45F0-820A-293F1BC156BD}"
	ProjectSection(SolutionItems) = preProject
		docs\todo.txt = docs\todo.txt
	EndProjectSection
EndProject
Project("{9A19103F-16F7-4668-BE54-9A1E7A4F7556}") = "PureActive.Queue.Hangfire", "src\PureActive.Queue.Hangfire\PureActive.Queue.Hangfire.csproj", "{BD64B6B9-E34B-4F91-AFDB-EC217027C870}"
EndProject
Project("{9A19103F-16F7-4668-BE54-9A1E7A4F7556}") = "PureActive.Queue.Hangfire.UnitTests", "test\PureActive.Queue.Hangfire.UnitTests\PureActive.Queue.Hangfire.UnitTests.csproj", "{92C854C4-1BDB-4738-B699-9DC38A1B2943}"
EndProject
Project("{9A19103F-16F7-4668-BE54-9A1E7A4F7556}") = "PureActive.Network.Core", "src\PureActive.Network.Core\PureActive.Network.Core.csproj", "{E300DCD2-8E41-4C9F-9ACC-53EBE8CC6573}"
EndProject
Project("{9A19103F-16F7-4668-BE54-9A1E7A4F7556}") = "PureActive.Network.Services.PingService", "src\PureActive.Network.Services.PingService\PureActive.Network.Services.PingService.csproj", "{9D080735-7BD6-43CD-8D17-71E9818B4C17}"
EndProject
Project("{9A19103F-16F7-4668-BE54-9A1E7A4F7556}") = "PureActive.Network.Services.ArpService", "src\PureActive.Network.Services.ArpService\PureActive.Network.Services.ArpService.csproj", "{A965A909-E454-4D19-9E29-C72808C2457B}"
EndProject
Project("{9A19103F-16F7-4668-BE54-9A1E7A4F7556}") = "PureActive.Network.Services.ArpService.UnitTests", "test\PureActive.Network.Services.ArpService.UnitTests\PureActive.Network.Services.ArpService.UnitTests.csproj", "{9EFB1155-31D9-4597-BEAB-75700BA6FC56}"
EndProject
Project("{9A19103F-16F7-4668-BE54-9A1E7A4F7556}") = "PureActive.Network.Services.PingService.UnitTests", "test\PureActive.Network.Services.PingService.UnitTests\PureActive.Network.Services.PingService.UnitTests.csproj", "{CF9486DB-4BFC-446E-B799-28BC613AD81A}"
EndProject
Project("{9A19103F-16F7-4668-BE54-9A1E7A4F7556}") = "PureActive.Network.Services.DhcpService", "src\PureActive.Network.Services.DhcpService\PureActive.Network.Services.DhcpService.csproj", "{37485DD1-177F-4F77-891D-D5E2DDEF1CDE}"
EndProject
Project("{9A19103F-16F7-4668-BE54-9A1E7A4F7556}") = "PureActive.Network.Services.DhcpService.UnitTests", "test\PureActive.Network.Services.DhcpService.UnitTests\PureActive.Network.Services.DhcpService.UnitTests.csproj", "{CA170051-EDD8-45D4-9E05-DF87CEF71EFF}"
EndProject
Project("{9A19103F-16F7-4668-BE54-9A1E7A4F7556}") = "PureActive.Network.Services.NetworkMap", "src\PureActive.Network.Services.NetworkMap\PureActive.Network.Services.NetworkMap.csproj", "{05D562DA-A6EA-4996-8E5D-AFE988FC03D1}"
EndProject
Project("{9A19103F-16F7-4668-BE54-9A1E7A4F7556}") = "PureActive.Network.Services.NetworkMap.UnitTests", "test\PureActive.Network.Services.NetworkMap.UnitTests\PureActive.Network.Services.NetworkMap.UnitTests.csproj", "{95824B3F-96F0-4862-B500-2961066A2754}"
EndProject
Project("{9A19103F-16F7-4668-BE54-9A1E7A4F7556}") = "PureActive.Core.Reactive", "src\PureActive.Core.Reactive\PureActive.Core.Reactive.csproj", "{86023DF7-A561-4B08-A20E-1963403583AB}"
EndProject
Project("{9A19103F-16F7-4668-BE54-9A1E7A4F7556}") = "PureActive.Core.Reactive.UnitTests", "test\PureActive.Core.Reactive.UnitTests\PureActive.Core.Reactive.UnitTests.csproj", "{C6CA94AE-461A-4FBC-B980-A3C871E63256}"
EndProject
Project("{9A19103F-16F7-4668-BE54-9A1E7A4F7556}") = "PureActive.Email.IntegrationTests", "test\PureActive.Email.IntegrationTests\PureActive.Email.IntegrationTests.csproj", "{DC5713D0-1CBB-4706-898D-534B5908CAF8}"
EndProject
Project("{9A19103F-16F7-4668-BE54-9A1E7A4F7556}") = "PureActive.Network.Services.PingService.IntegrationTests", "test\PureActive.Network.Services.PingService.IntegrationTests\PureActive.Network.Services.PingService.IntegrationTests.csproj", "{F33F2702-B279-433A-ABF4-18F7CCF96E68}"
EndProject
Project("{9A19103F-16F7-4668-BE54-9A1E7A4F7556}") = "PureActive.Core.IntegrationTests", "test\PureActive.Core.IntegrationTests\PureActive.Core.IntegrationTests.csproj", "{0E256735-CCC4-46F2-8D41-703892EFD2A9}"
EndProject
Project("{9A19103F-16F7-4668-BE54-9A1E7A4F7556}") = "PureActive.Logger.Provider.Serilog.IntegrationTests", "test\PureActive.Logger.Provider.Serilog.IntegrationTests\PureActive.Logger.Provider.Serilog.IntegrationTests.csproj", "{CF43F55D-B1CD-45F2-96A3-6CC928767909}"
EndProject
Project("{9A19103F-16F7-4668-BE54-9A1E7A4F7556}") = "PureActive.Network.Services.ArpService.IntegrationTests", "test\PureActive.Network.Services.ArpService.IntegrationTests\PureActive.Network.Services.ArpService.IntegrationTests.csproj", "{05E7B7D3-86E0-4442-8A0F-05A08935D2F2}"
EndProject
Project("{9A19103F-16F7-4668-BE54-9A1E7A4F7556}") = "PureActive.Network.Services.NetworkMap.IntegrationTests", "test\PureActive.Network.Services.NetworkMap.IntegrationTests\PureActive.Network.Services.NetworkMap.IntegrationTests.csproj", "{8255A8DE-B32C-4FBE-B41D-3AF3F8C38E34}"
EndProject
Project("{9A19103F-16F7-4668-BE54-9A1E7A4F7556}") = "PureActive.Network.Services.IntegrationTests", "test\PureActive.Network.Services.IntegrationTests\PureActive.Network.Services.IntegrationTests.csproj", "{4E56FC2B-398C-4037-A64D-38B3B1765E56}"
EndProject
Project("{9A19103F-16F7-4668-BE54-9A1E7A4F7556}") = "PureActive.Queue.Hangfire.IntegrationTests", "test\PureActive.Queue.Hangfire.IntegrationTests\PureActive.Queue.Hangfire.IntegrationTests.csproj", "{F81C9CAF-B3D8-4C97-9366-35DBB577E3A7}"
EndProject
Project("{FAE04EC0-301F-11D3-BF4B-00C04F79EFBC}") = "PureActive.Logging.IntegrationTests", "test\PureActive.Logging.IntegrationTests\PureActive.Logging.IntegrationTests.csproj", "{363EB9F6-D402-49BD-A451-A3E5B9D66977}"
EndProject
Global
	GlobalSection(SolutionConfigurationPlatforms) = preSolution
		Debug|Any CPU = Debug|Any CPU
		Release|Any CPU = Release|Any CPU
	EndGlobalSection
	GlobalSection(ProjectConfigurationPlatforms) = postSolution
		{6E820050-C1A6-4B69-A20C-09760CF87667}.Debug|Any CPU.ActiveCfg = Debug|Any CPU
		{6E820050-C1A6-4B69-A20C-09760CF87667}.Debug|Any CPU.Build.0 = Debug|Any CPU
		{6E820050-C1A6-4B69-A20C-09760CF87667}.Release|Any CPU.ActiveCfg = Release|Any CPU
		{6E820050-C1A6-4B69-A20C-09760CF87667}.Release|Any CPU.Build.0 = Release|Any CPU
		{26DCA77B-2894-47FC-9178-E9212786050D}.Debug|Any CPU.ActiveCfg = Debug|Any CPU
		{26DCA77B-2894-47FC-9178-E9212786050D}.Debug|Any CPU.Build.0 = Debug|Any CPU
		{26DCA77B-2894-47FC-9178-E9212786050D}.Release|Any CPU.ActiveCfg = Release|Any CPU
		{26DCA77B-2894-47FC-9178-E9212786050D}.Release|Any CPU.Build.0 = Release|Any CPU
		{53C1A513-0C3A-4A4E-998A-7EB372DCD81B}.Debug|Any CPU.ActiveCfg = Debug|Any CPU
		{53C1A513-0C3A-4A4E-998A-7EB372DCD81B}.Debug|Any CPU.Build.0 = Debug|Any CPU
		{53C1A513-0C3A-4A4E-998A-7EB372DCD81B}.Release|Any CPU.ActiveCfg = Release|Any CPU
		{53C1A513-0C3A-4A4E-998A-7EB372DCD81B}.Release|Any CPU.Build.0 = Release|Any CPU
		{22D9731F-DFAC-4E94-9CEF-E1C337B0CA53}.Debug|Any CPU.ActiveCfg = Debug|Any CPU
		{22D9731F-DFAC-4E94-9CEF-E1C337B0CA53}.Debug|Any CPU.Build.0 = Debug|Any CPU
		{22D9731F-DFAC-4E94-9CEF-E1C337B0CA53}.Release|Any CPU.ActiveCfg = Release|Any CPU
		{22D9731F-DFAC-4E94-9CEF-E1C337B0CA53}.Release|Any CPU.Build.0 = Release|Any CPU
		{C387DC13-8D36-4196-8153-27EEF0BCF1CA}.Debug|Any CPU.ActiveCfg = Debug|Any CPU
		{C387DC13-8D36-4196-8153-27EEF0BCF1CA}.Debug|Any CPU.Build.0 = Debug|Any CPU
		{C387DC13-8D36-4196-8153-27EEF0BCF1CA}.Release|Any CPU.ActiveCfg = Release|Any CPU
		{C387DC13-8D36-4196-8153-27EEF0BCF1CA}.Release|Any CPU.Build.0 = Release|Any CPU
		{6D9EE2E7-E111-4FF2-BBB3-79D0D18DE00B}.Debug|Any CPU.ActiveCfg = Debug|Any CPU
		{6D9EE2E7-E111-4FF2-BBB3-79D0D18DE00B}.Debug|Any CPU.Build.0 = Debug|Any CPU
		{6D9EE2E7-E111-4FF2-BBB3-79D0D18DE00B}.Release|Any CPU.ActiveCfg = Release|Any CPU
		{6D9EE2E7-E111-4FF2-BBB3-79D0D18DE00B}.Release|Any CPU.Build.0 = Release|Any CPU
		{25753F19-D6B2-42FC-9D15-89E1ABE961F7}.Debug|Any CPU.ActiveCfg = Debug|Any CPU
		{25753F19-D6B2-42FC-9D15-89E1ABE961F7}.Debug|Any CPU.Build.0 = Debug|Any CPU
		{25753F19-D6B2-42FC-9D15-89E1ABE961F7}.Release|Any CPU.ActiveCfg = Release|Any CPU
		{25753F19-D6B2-42FC-9D15-89E1ABE961F7}.Release|Any CPU.Build.0 = Release|Any CPU
		{F4C231EB-13CF-4AA0-A5F6-26CCC9F81568}.Debug|Any CPU.ActiveCfg = Debug|Any CPU
		{F4C231EB-13CF-4AA0-A5F6-26CCC9F81568}.Debug|Any CPU.Build.0 = Debug|Any CPU
		{F4C231EB-13CF-4AA0-A5F6-26CCC9F81568}.Release|Any CPU.ActiveCfg = Release|Any CPU
		{F4C231EB-13CF-4AA0-A5F6-26CCC9F81568}.Release|Any CPU.Build.0 = Release|Any CPU
		{8636D996-9D1E-4D9C-9932-F05FC3513F10}.Debug|Any CPU.ActiveCfg = Debug|Any CPU
		{8636D996-9D1E-4D9C-9932-F05FC3513F10}.Debug|Any CPU.Build.0 = Debug|Any CPU
		{8636D996-9D1E-4D9C-9932-F05FC3513F10}.Release|Any CPU.ActiveCfg = Release|Any CPU
		{8636D996-9D1E-4D9C-9932-F05FC3513F10}.Release|Any CPU.Build.0 = Release|Any CPU
		{E5717D08-7A01-4C4F-B4DF-8553703C5FDA}.Debug|Any CPU.ActiveCfg = Debug|Any CPU
		{E5717D08-7A01-4C4F-B4DF-8553703C5FDA}.Debug|Any CPU.Build.0 = Debug|Any CPU
		{E5717D08-7A01-4C4F-B4DF-8553703C5FDA}.Release|Any CPU.ActiveCfg = Release|Any CPU
		{E5717D08-7A01-4C4F-B4DF-8553703C5FDA}.Release|Any CPU.Build.0 = Release|Any CPU
		{BB8DB1A7-AB86-4F65-AC95-29546B0A0416}.Debug|Any CPU.ActiveCfg = Debug|Any CPU
		{BB8DB1A7-AB86-4F65-AC95-29546B0A0416}.Debug|Any CPU.Build.0 = Debug|Any CPU
		{BB8DB1A7-AB86-4F65-AC95-29546B0A0416}.Release|Any CPU.ActiveCfg = Release|Any CPU
		{BB8DB1A7-AB86-4F65-AC95-29546B0A0416}.Release|Any CPU.Build.0 = Release|Any CPU
		{E31BB884-D272-44CD-984C-253786927B68}.Debug|Any CPU.ActiveCfg = Debug|Any CPU
		{E31BB884-D272-44CD-984C-253786927B68}.Debug|Any CPU.Build.0 = Debug|Any CPU
		{E31BB884-D272-44CD-984C-253786927B68}.Release|Any CPU.ActiveCfg = Release|Any CPU
		{E31BB884-D272-44CD-984C-253786927B68}.Release|Any CPU.Build.0 = Release|Any CPU
		{D0F2ED72-F3B5-4FBA-BC19-F906EB009DB9}.Debug|Any CPU.ActiveCfg = Debug|Any CPU
		{D0F2ED72-F3B5-4FBA-BC19-F906EB009DB9}.Debug|Any CPU.Build.0 = Debug|Any CPU
		{D0F2ED72-F3B5-4FBA-BC19-F906EB009DB9}.Release|Any CPU.ActiveCfg = Release|Any CPU
		{D0F2ED72-F3B5-4FBA-BC19-F906EB009DB9}.Release|Any CPU.Build.0 = Release|Any CPU
		{0CA3B18B-972B-4328-8B7F-2218F556D827}.Debug|Any CPU.ActiveCfg = Debug|Any CPU
		{0CA3B18B-972B-4328-8B7F-2218F556D827}.Debug|Any CPU.Build.0 = Debug|Any CPU
		{0CA3B18B-972B-4328-8B7F-2218F556D827}.Release|Any CPU.ActiveCfg = Release|Any CPU
		{0CA3B18B-972B-4328-8B7F-2218F556D827}.Release|Any CPU.Build.0 = Release|Any CPU
		{6D560731-C7E0-443E-951C-60D50DD50AFE}.Debug|Any CPU.ActiveCfg = Debug|Any CPU
		{6D560731-C7E0-443E-951C-60D50DD50AFE}.Debug|Any CPU.Build.0 = Debug|Any CPU
		{6D560731-C7E0-443E-951C-60D50DD50AFE}.Release|Any CPU.ActiveCfg = Release|Any CPU
		{6D560731-C7E0-443E-951C-60D50DD50AFE}.Release|Any CPU.Build.0 = Release|Any CPU
		{2946210A-56DD-4D6D-A541-7ABDC71F0C90}.Debug|Any CPU.ActiveCfg = Debug|Any CPU
		{2946210A-56DD-4D6D-A541-7ABDC71F0C90}.Debug|Any CPU.Build.0 = Debug|Any CPU
		{2946210A-56DD-4D6D-A541-7ABDC71F0C90}.Release|Any CPU.ActiveCfg = Release|Any CPU
		{2946210A-56DD-4D6D-A541-7ABDC71F0C90}.Release|Any CPU.Build.0 = Release|Any CPU
		{D147644E-C736-42F8-AA9D-02931D5D510B}.Debug|Any CPU.ActiveCfg = Debug|Any CPU
		{D147644E-C736-42F8-AA9D-02931D5D510B}.Debug|Any CPU.Build.0 = Debug|Any CPU
		{D147644E-C736-42F8-AA9D-02931D5D510B}.Release|Any CPU.ActiveCfg = Release|Any CPU
		{D147644E-C736-42F8-AA9D-02931D5D510B}.Release|Any CPU.Build.0 = Release|Any CPU
		{3F90F386-E454-46B7-B242-04CCAB6B1C2F}.Debug|Any CPU.ActiveCfg = Debug|Any CPU
		{3F90F386-E454-46B7-B242-04CCAB6B1C2F}.Debug|Any CPU.Build.0 = Debug|Any CPU
		{3F90F386-E454-46B7-B242-04CCAB6B1C2F}.Release|Any CPU.ActiveCfg = Release|Any CPU
		{3F90F386-E454-46B7-B242-04CCAB6B1C2F}.Release|Any CPU.Build.0 = Release|Any CPU
		{83EC058F-8AB3-429A-8FE1-FF19DCC9FF8F}.Debug|Any CPU.ActiveCfg = Debug|Any CPU
		{83EC058F-8AB3-429A-8FE1-FF19DCC9FF8F}.Debug|Any CPU.Build.0 = Debug|Any CPU
		{83EC058F-8AB3-429A-8FE1-FF19DCC9FF8F}.Release|Any CPU.ActiveCfg = Release|Any CPU
		{83EC058F-8AB3-429A-8FE1-FF19DCC9FF8F}.Release|Any CPU.Build.0 = Release|Any CPU
		{F8735EFD-A33D-4688-9FA1-05E0CB59567B}.Debug|Any CPU.ActiveCfg = Debug|Any CPU
		{F8735EFD-A33D-4688-9FA1-05E0CB59567B}.Debug|Any CPU.Build.0 = Debug|Any CPU
		{F8735EFD-A33D-4688-9FA1-05E0CB59567B}.Release|Any CPU.ActiveCfg = Release|Any CPU
		{F8735EFD-A33D-4688-9FA1-05E0CB59567B}.Release|Any CPU.Build.0 = Release|Any CPU
		{34124DEE-8FA1-48E5-98F6-EE8CB3328479}.Debug|Any CPU.ActiveCfg = Debug|Any CPU
		{34124DEE-8FA1-48E5-98F6-EE8CB3328479}.Debug|Any CPU.Build.0 = Debug|Any CPU
		{34124DEE-8FA1-48E5-98F6-EE8CB3328479}.Release|Any CPU.ActiveCfg = Release|Any CPU
		{34124DEE-8FA1-48E5-98F6-EE8CB3328479}.Release|Any CPU.Build.0 = Release|Any CPU
		{83B950B7-8D81-4B3C-B1A5-2187D2375B0F}.Debug|Any CPU.ActiveCfg = Debug|Any CPU
		{83B950B7-8D81-4B3C-B1A5-2187D2375B0F}.Debug|Any CPU.Build.0 = Debug|Any CPU
		{83B950B7-8D81-4B3C-B1A5-2187D2375B0F}.Release|Any CPU.ActiveCfg = Release|Any CPU
		{83B950B7-8D81-4B3C-B1A5-2187D2375B0F}.Release|Any CPU.Build.0 = Release|Any CPU
		{146212BF-1EEC-4B66-ABDC-B257393F90D2}.Debug|Any CPU.ActiveCfg = Debug|Any CPU
		{146212BF-1EEC-4B66-ABDC-B257393F90D2}.Debug|Any CPU.Build.0 = Debug|Any CPU
		{146212BF-1EEC-4B66-ABDC-B257393F90D2}.Release|Any CPU.ActiveCfg = Release|Any CPU
		{146212BF-1EEC-4B66-ABDC-B257393F90D2}.Release|Any CPU.Build.0 = Release|Any CPU
		{B315442C-26CC-40BB-97CA-E89B15EDCD6E}.Debug|Any CPU.ActiveCfg = Debug|Any CPU
		{B315442C-26CC-40BB-97CA-E89B15EDCD6E}.Debug|Any CPU.Build.0 = Debug|Any CPU
		{B315442C-26CC-40BB-97CA-E89B15EDCD6E}.Release|Any CPU.ActiveCfg = Release|Any CPU
		{B315442C-26CC-40BB-97CA-E89B15EDCD6E}.Release|Any CPU.Build.0 = Release|Any CPU
		{0048054E-A435-4FEC-AB1F-CF6AA2AD7B0A}.Debug|Any CPU.ActiveCfg = Debug|Any CPU
		{0048054E-A435-4FEC-AB1F-CF6AA2AD7B0A}.Debug|Any CPU.Build.0 = Debug|Any CPU
		{0048054E-A435-4FEC-AB1F-CF6AA2AD7B0A}.Release|Any CPU.ActiveCfg = Release|Any CPU
		{0048054E-A435-4FEC-AB1F-CF6AA2AD7B0A}.Release|Any CPU.Build.0 = Release|Any CPU
		{6F4349D0-3FA0-4053-A326-630926CC02FE}.Debug|Any CPU.ActiveCfg = Debug|Any CPU
		{6F4349D0-3FA0-4053-A326-630926CC02FE}.Debug|Any CPU.Build.0 = Debug|Any CPU
		{6F4349D0-3FA0-4053-A326-630926CC02FE}.Release|Any CPU.ActiveCfg = Release|Any CPU
		{6F4349D0-3FA0-4053-A326-630926CC02FE}.Release|Any CPU.Build.0 = Release|Any CPU
		{E7270101-53D0-4E1B-AF81-42D1DE800EFD}.Debug|Any CPU.ActiveCfg = Debug|Any CPU
		{E7270101-53D0-4E1B-AF81-42D1DE800EFD}.Debug|Any CPU.Build.0 = Debug|Any CPU
		{E7270101-53D0-4E1B-AF81-42D1DE800EFD}.Release|Any CPU.ActiveCfg = Release|Any CPU
		{E7270101-53D0-4E1B-AF81-42D1DE800EFD}.Release|Any CPU.Build.0 = Release|Any CPU
		{BD64B6B9-E34B-4F91-AFDB-EC217027C870}.Debug|Any CPU.ActiveCfg = Debug|Any CPU
		{BD64B6B9-E34B-4F91-AFDB-EC217027C870}.Debug|Any CPU.Build.0 = Debug|Any CPU
		{BD64B6B9-E34B-4F91-AFDB-EC217027C870}.Release|Any CPU.ActiveCfg = Release|Any CPU
		{BD64B6B9-E34B-4F91-AFDB-EC217027C870}.Release|Any CPU.Build.0 = Release|Any CPU
		{92C854C4-1BDB-4738-B699-9DC38A1B2943}.Debug|Any CPU.ActiveCfg = Debug|Any CPU
		{92C854C4-1BDB-4738-B699-9DC38A1B2943}.Debug|Any CPU.Build.0 = Debug|Any CPU
		{92C854C4-1BDB-4738-B699-9DC38A1B2943}.Release|Any CPU.ActiveCfg = Release|Any CPU
		{92C854C4-1BDB-4738-B699-9DC38A1B2943}.Release|Any CPU.Build.0 = Release|Any CPU
		{E300DCD2-8E41-4C9F-9ACC-53EBE8CC6573}.Debug|Any CPU.ActiveCfg = Debug|Any CPU
		{E300DCD2-8E41-4C9F-9ACC-53EBE8CC6573}.Debug|Any CPU.Build.0 = Debug|Any CPU
		{E300DCD2-8E41-4C9F-9ACC-53EBE8CC6573}.Release|Any CPU.ActiveCfg = Release|Any CPU
		{E300DCD2-8E41-4C9F-9ACC-53EBE8CC6573}.Release|Any CPU.Build.0 = Release|Any CPU
		{9D080735-7BD6-43CD-8D17-71E9818B4C17}.Debug|Any CPU.ActiveCfg = Debug|Any CPU
		{9D080735-7BD6-43CD-8D17-71E9818B4C17}.Debug|Any CPU.Build.0 = Debug|Any CPU
		{9D080735-7BD6-43CD-8D17-71E9818B4C17}.Release|Any CPU.ActiveCfg = Release|Any CPU
		{9D080735-7BD6-43CD-8D17-71E9818B4C17}.Release|Any CPU.Build.0 = Release|Any CPU
		{A965A909-E454-4D19-9E29-C72808C2457B}.Debug|Any CPU.ActiveCfg = Debug|Any CPU
		{A965A909-E454-4D19-9E29-C72808C2457B}.Debug|Any CPU.Build.0 = Debug|Any CPU
		{A965A909-E454-4D19-9E29-C72808C2457B}.Release|Any CPU.ActiveCfg = Release|Any CPU
		{A965A909-E454-4D19-9E29-C72808C2457B}.Release|Any CPU.Build.0 = Release|Any CPU
		{9EFB1155-31D9-4597-BEAB-75700BA6FC56}.Debug|Any CPU.ActiveCfg = Debug|Any CPU
		{9EFB1155-31D9-4597-BEAB-75700BA6FC56}.Debug|Any CPU.Build.0 = Debug|Any CPU
		{9EFB1155-31D9-4597-BEAB-75700BA6FC56}.Release|Any CPU.ActiveCfg = Release|Any CPU
		{9EFB1155-31D9-4597-BEAB-75700BA6FC56}.Release|Any CPU.Build.0 = Release|Any CPU
		{CF9486DB-4BFC-446E-B799-28BC613AD81A}.Debug|Any CPU.ActiveCfg = Debug|Any CPU
		{CF9486DB-4BFC-446E-B799-28BC613AD81A}.Debug|Any CPU.Build.0 = Debug|Any CPU
		{CF9486DB-4BFC-446E-B799-28BC613AD81A}.Release|Any CPU.ActiveCfg = Release|Any CPU
		{CF9486DB-4BFC-446E-B799-28BC613AD81A}.Release|Any CPU.Build.0 = Release|Any CPU
		{37485DD1-177F-4F77-891D-D5E2DDEF1CDE}.Debug|Any CPU.ActiveCfg = Debug|Any CPU
		{37485DD1-177F-4F77-891D-D5E2DDEF1CDE}.Debug|Any CPU.Build.0 = Debug|Any CPU
		{37485DD1-177F-4F77-891D-D5E2DDEF1CDE}.Release|Any CPU.ActiveCfg = Release|Any CPU
		{37485DD1-177F-4F77-891D-D5E2DDEF1CDE}.Release|Any CPU.Build.0 = Release|Any CPU
		{CA170051-EDD8-45D4-9E05-DF87CEF71EFF}.Debug|Any CPU.ActiveCfg = Debug|Any CPU
		{CA170051-EDD8-45D4-9E05-DF87CEF71EFF}.Debug|Any CPU.Build.0 = Debug|Any CPU
		{CA170051-EDD8-45D4-9E05-DF87CEF71EFF}.Release|Any CPU.ActiveCfg = Release|Any CPU
		{CA170051-EDD8-45D4-9E05-DF87CEF71EFF}.Release|Any CPU.Build.0 = Release|Any CPU
		{05D562DA-A6EA-4996-8E5D-AFE988FC03D1}.Debug|Any CPU.ActiveCfg = Debug|Any CPU
		{05D562DA-A6EA-4996-8E5D-AFE988FC03D1}.Debug|Any CPU.Build.0 = Debug|Any CPU
		{05D562DA-A6EA-4996-8E5D-AFE988FC03D1}.Release|Any CPU.ActiveCfg = Release|Any CPU
		{05D562DA-A6EA-4996-8E5D-AFE988FC03D1}.Release|Any CPU.Build.0 = Release|Any CPU
		{95824B3F-96F0-4862-B500-2961066A2754}.Debug|Any CPU.ActiveCfg = Debug|Any CPU
		{95824B3F-96F0-4862-B500-2961066A2754}.Debug|Any CPU.Build.0 = Debug|Any CPU
		{95824B3F-96F0-4862-B500-2961066A2754}.Release|Any CPU.ActiveCfg = Release|Any CPU
		{95824B3F-96F0-4862-B500-2961066A2754}.Release|Any CPU.Build.0 = Release|Any CPU
		{86023DF7-A561-4B08-A20E-1963403583AB}.Debug|Any CPU.ActiveCfg = Debug|Any CPU
		{86023DF7-A561-4B08-A20E-1963403583AB}.Debug|Any CPU.Build.0 = Debug|Any CPU
		{86023DF7-A561-4B08-A20E-1963403583AB}.Release|Any CPU.ActiveCfg = Release|Any CPU
		{86023DF7-A561-4B08-A20E-1963403583AB}.Release|Any CPU.Build.0 = Release|Any CPU
		{C6CA94AE-461A-4FBC-B980-A3C871E63256}.Debug|Any CPU.ActiveCfg = Debug|Any CPU
		{C6CA94AE-461A-4FBC-B980-A3C871E63256}.Debug|Any CPU.Build.0 = Debug|Any CPU
		{C6CA94AE-461A-4FBC-B980-A3C871E63256}.Release|Any CPU.ActiveCfg = Release|Any CPU
		{C6CA94AE-461A-4FBC-B980-A3C871E63256}.Release|Any CPU.Build.0 = Release|Any CPU
		{DC5713D0-1CBB-4706-898D-534B5908CAF8}.Debug|Any CPU.ActiveCfg = Debug|Any CPU
		{DC5713D0-1CBB-4706-898D-534B5908CAF8}.Debug|Any CPU.Build.0 = Debug|Any CPU
		{DC5713D0-1CBB-4706-898D-534B5908CAF8}.Release|Any CPU.ActiveCfg = Release|Any CPU
		{DC5713D0-1CBB-4706-898D-534B5908CAF8}.Release|Any CPU.Build.0 = Release|Any CPU
		{F33F2702-B279-433A-ABF4-18F7CCF96E68}.Debug|Any CPU.ActiveCfg = Debug|Any CPU
		{F33F2702-B279-433A-ABF4-18F7CCF96E68}.Debug|Any CPU.Build.0 = Debug|Any CPU
		{F33F2702-B279-433A-ABF4-18F7CCF96E68}.Release|Any CPU.ActiveCfg = Release|Any CPU
		{F33F2702-B279-433A-ABF4-18F7CCF96E68}.Release|Any CPU.Build.0 = Release|Any CPU
		{0E256735-CCC4-46F2-8D41-703892EFD2A9}.Debug|Any CPU.ActiveCfg = Debug|Any CPU
		{0E256735-CCC4-46F2-8D41-703892EFD2A9}.Debug|Any CPU.Build.0 = Debug|Any CPU
		{0E256735-CCC4-46F2-8D41-703892EFD2A9}.Release|Any CPU.ActiveCfg = Release|Any CPU
		{0E256735-CCC4-46F2-8D41-703892EFD2A9}.Release|Any CPU.Build.0 = Release|Any CPU
		{CF43F55D-B1CD-45F2-96A3-6CC928767909}.Debug|Any CPU.ActiveCfg = Debug|Any CPU
		{CF43F55D-B1CD-45F2-96A3-6CC928767909}.Debug|Any CPU.Build.0 = Debug|Any CPU
		{CF43F55D-B1CD-45F2-96A3-6CC928767909}.Release|Any CPU.ActiveCfg = Release|Any CPU
		{CF43F55D-B1CD-45F2-96A3-6CC928767909}.Release|Any CPU.Build.0 = Release|Any CPU
		{05E7B7D3-86E0-4442-8A0F-05A08935D2F2}.Debug|Any CPU.ActiveCfg = Debug|Any CPU
		{05E7B7D3-86E0-4442-8A0F-05A08935D2F2}.Debug|Any CPU.Build.0 = Debug|Any CPU
		{05E7B7D3-86E0-4442-8A0F-05A08935D2F2}.Release|Any CPU.ActiveCfg = Release|Any CPU
		{05E7B7D3-86E0-4442-8A0F-05A08935D2F2}.Release|Any CPU.Build.0 = Release|Any CPU
		{8255A8DE-B32C-4FBE-B41D-3AF3F8C38E34}.Debug|Any CPU.ActiveCfg = Debug|Any CPU
		{8255A8DE-B32C-4FBE-B41D-3AF3F8C38E34}.Debug|Any CPU.Build.0 = Debug|Any CPU
		{8255A8DE-B32C-4FBE-B41D-3AF3F8C38E34}.Release|Any CPU.ActiveCfg = Release|Any CPU
		{8255A8DE-B32C-4FBE-B41D-3AF3F8C38E34}.Release|Any CPU.Build.0 = Release|Any CPU
		{4E56FC2B-398C-4037-A64D-38B3B1765E56}.Debug|Any CPU.ActiveCfg = Debug|Any CPU
		{4E56FC2B-398C-4037-A64D-38B3B1765E56}.Debug|Any CPU.Build.0 = Debug|Any CPU
		{4E56FC2B-398C-4037-A64D-38B3B1765E56}.Release|Any CPU.ActiveCfg = Release|Any CPU
		{4E56FC2B-398C-4037-A64D-38B3B1765E56}.Release|Any CPU.Build.0 = Release|Any CPU
		{F81C9CAF-B3D8-4C97-9366-35DBB577E3A7}.Debug|Any CPU.ActiveCfg = Debug|Any CPU
		{F81C9CAF-B3D8-4C97-9366-35DBB577E3A7}.Debug|Any CPU.Build.0 = Debug|Any CPU
		{F81C9CAF-B3D8-4C97-9366-35DBB577E3A7}.Release|Any CPU.ActiveCfg = Release|Any CPU
		{F81C9CAF-B3D8-4C97-9366-35DBB577E3A7}.Release|Any CPU.Build.0 = Release|Any CPU
		{363EB9F6-D402-49BD-A451-A3E5B9D66977}.Debug|Any CPU.ActiveCfg = Debug|Any CPU
		{363EB9F6-D402-49BD-A451-A3E5B9D66977}.Debug|Any CPU.Build.0 = Debug|Any CPU
		{363EB9F6-D402-49BD-A451-A3E5B9D66977}.Release|Any CPU.ActiveCfg = Release|Any CPU
		{363EB9F6-D402-49BD-A451-A3E5B9D66977}.Release|Any CPU.Build.0 = Release|Any CPU
	EndGlobalSection
	GlobalSection(SolutionProperties) = preSolution
		HideSolutionNode = FALSE
	EndGlobalSection
	GlobalSection(NestedProjects) = preSolution
		{6E820050-C1A6-4B69-A20C-09760CF87667} = {67D1DB8E-E642-45ED-B773-AA31D4094D80}
		{26DCA77B-2894-47FC-9178-E9212786050D} = {139040C5-C1DA-443E-9904-A3288626E24C}
		{53C1A513-0C3A-4A4E-998A-7EB372DCD81B} = {67D1DB8E-E642-45ED-B773-AA31D4094D80}
		{22D9731F-DFAC-4E94-9CEF-E1C337B0CA53} = {67D1DB8E-E642-45ED-B773-AA31D4094D80}
		{C387DC13-8D36-4196-8153-27EEF0BCF1CA} = {139040C5-C1DA-443E-9904-A3288626E24C}
		{6D9EE2E7-E111-4FF2-BBB3-79D0D18DE00B} = {67D1DB8E-E642-45ED-B773-AA31D4094D80}
		{25753F19-D6B2-42FC-9D15-89E1ABE961F7} = {ED55F7E9-6829-4495-B948-785E507D8AC6}
		{F4C231EB-13CF-4AA0-A5F6-26CCC9F81568} = {67D1DB8E-E642-45ED-B773-AA31D4094D80}
		{8636D996-9D1E-4D9C-9932-F05FC3513F10} = {139040C5-C1DA-443E-9904-A3288626E24C}
		{E5717D08-7A01-4C4F-B4DF-8553703C5FDA} = {139040C5-C1DA-443E-9904-A3288626E24C}
		{BB8DB1A7-AB86-4F65-AC95-29546B0A0416} = {67D1DB8E-E642-45ED-B773-AA31D4094D80}
		{E31BB884-D272-44CD-984C-253786927B68} = {139040C5-C1DA-443E-9904-A3288626E24C}
		{D0F2ED72-F3B5-4FBA-BC19-F906EB009DB9} = {67D1DB8E-E642-45ED-B773-AA31D4094D80}
		{0CA3B18B-972B-4328-8B7F-2218F556D827} = {67D1DB8E-E642-45ED-B773-AA31D4094D80}
		{6D560731-C7E0-443E-951C-60D50DD50AFE} = {67D1DB8E-E642-45ED-B773-AA31D4094D80}
		{2946210A-56DD-4D6D-A541-7ABDC71F0C90} = {139040C5-C1DA-443E-9904-A3288626E24C}
		{D147644E-C736-42F8-AA9D-02931D5D510B} = {67D1DB8E-E642-45ED-B773-AA31D4094D80}
		{3F90F386-E454-46B7-B242-04CCAB6B1C2F} = {67D1DB8E-E642-45ED-B773-AA31D4094D80}
		{83EC058F-8AB3-429A-8FE1-FF19DCC9FF8F} = {139040C5-C1DA-443E-9904-A3288626E24C}
		{F8735EFD-A33D-4688-9FA1-05E0CB59567B} = {67D1DB8E-E642-45ED-B773-AA31D4094D80}
		{34124DEE-8FA1-48E5-98F6-EE8CB3328479} = {139040C5-C1DA-443E-9904-A3288626E24C}
		{83B950B7-8D81-4B3C-B1A5-2187D2375B0F} = {67D1DB8E-E642-45ED-B773-AA31D4094D80}
		{146212BF-1EEC-4B66-ABDC-B257393F90D2} = {67D1DB8E-E642-45ED-B773-AA31D4094D80}
		{B315442C-26CC-40BB-97CA-E89B15EDCD6E} = {67D1DB8E-E642-45ED-B773-AA31D4094D80}
		{0048054E-A435-4FEC-AB1F-CF6AA2AD7B0A} = {67D1DB8E-E642-45ED-B773-AA31D4094D80}
		{6F4349D0-3FA0-4053-A326-630926CC02FE} = {139040C5-C1DA-443E-9904-A3288626E24C}
		{E7270101-53D0-4E1B-AF81-42D1DE800EFD} = {139040C5-C1DA-443E-9904-A3288626E24C}
		{BD64B6B9-E34B-4F91-AFDB-EC217027C870} = {67D1DB8E-E642-45ED-B773-AA31D4094D80}
		{92C854C4-1BDB-4738-B699-9DC38A1B2943} = {139040C5-C1DA-443E-9904-A3288626E24C}
		{E300DCD2-8E41-4C9F-9ACC-53EBE8CC6573} = {67D1DB8E-E642-45ED-B773-AA31D4094D80}
		{9D080735-7BD6-43CD-8D17-71E9818B4C17} = {67D1DB8E-E642-45ED-B773-AA31D4094D80}
		{A965A909-E454-4D19-9E29-C72808C2457B} = {67D1DB8E-E642-45ED-B773-AA31D4094D80}
		{9EFB1155-31D9-4597-BEAB-75700BA6FC56} = {139040C5-C1DA-443E-9904-A3288626E24C}
		{CF9486DB-4BFC-446E-B799-28BC613AD81A} = {139040C5-C1DA-443E-9904-A3288626E24C}
		{37485DD1-177F-4F77-891D-D5E2DDEF1CDE} = {67D1DB8E-E642-45ED-B773-AA31D4094D80}
		{CA170051-EDD8-45D4-9E05-DF87CEF71EFF} = {139040C5-C1DA-443E-9904-A3288626E24C}
		{05D562DA-A6EA-4996-8E5D-AFE988FC03D1} = {67D1DB8E-E642-45ED-B773-AA31D4094D80}
		{95824B3F-96F0-4862-B500-2961066A2754} = {139040C5-C1DA-443E-9904-A3288626E24C}
		{86023DF7-A561-4B08-A20E-1963403583AB} = {67D1DB8E-E642-45ED-B773-AA31D4094D80}
		{C6CA94AE-461A-4FBC-B980-A3C871E63256} = {139040C5-C1DA-443E-9904-A3288626E24C}
		{DC5713D0-1CBB-4706-898D-534B5908CAF8} = {139040C5-C1DA-443E-9904-A3288626E24C}
		{F33F2702-B279-433A-ABF4-18F7CCF96E68} = {139040C5-C1DA-443E-9904-A3288626E24C}
		{0E256735-CCC4-46F2-8D41-703892EFD2A9} = {139040C5-C1DA-443E-9904-A3288626E24C}
		{CF43F55D-B1CD-45F2-96A3-6CC928767909} = {139040C5-C1DA-443E-9904-A3288626E24C}
		{05E7B7D3-86E0-4442-8A0F-05A08935D2F2} = {139040C5-C1DA-443E-9904-A3288626E24C}
		{8255A8DE-B32C-4FBE-B41D-3AF3F8C38E34} = {139040C5-C1DA-443E-9904-A3288626E24C}
		{4E56FC2B-398C-4037-A64D-38B3B1765E56} = {139040C5-C1DA-443E-9904-A3288626E24C}
		{F81C9CAF-B3D8-4C97-9366-35DBB577E3A7} = {139040C5-C1DA-443E-9904-A3288626E24C}
		{363EB9F6-D402-49BD-A451-A3E5B9D66977} = {139040C5-C1DA-443E-9904-A3288626E24C}
	EndGlobalSection
	GlobalSection(ExtensibilityGlobals) = postSolution
		SolutionGuid = {3BB9CD1D-F443-4CAE-96A1-CA24FBF0D348}
	EndGlobalSection
EndGlobal
